<?xml version="1.0" encoding="utf-8"?>
<Project ToolsVersion="4.0" xmlns="http://schemas.microsoft.com/developer/msbuild/2003">
  <ItemGroup>
    <Filter Include="source">
      <UniqueIdentifier>{c6eefbb8-802b-44b0-a16b-bbb5e96806e4}</UniqueIdentifier>
    </Filter>
    <Filter Include="source\src">
      <UniqueIdentifier>{5fa83e9d-e0d4-40f8-b13f-872c100f4af6}</UniqueIdentifier>
    </Filter>
  </ItemGroup>
  <ItemGroup>
    <ClCompile Include="main.cpp">
      <Filter>source\src</Filter>
    </ClCompile>
    <ClCompile Include="graphics.cpp">
      <Filter>source\src</Filter>
    </ClCompile>
    <ClCompile Include="game.cpp" />
    <ClCompile Include="input.cpp" />
    <ClCompile Include="sprite.cpp" />
  </ItemGroup>
  <ItemGroup>
    <ClInclude Include="graphics.h">
      <Filter>source\src</Filter>
    </ClInclude>
    <ClInclude Include="game.h" />
    <ClInclude Include="input.h" />
    <ClInclude Include="resource.h" />
    <ClInclude Include="sprite.h" />
    <ClInclude Include="globals.h" />
  </ItemGroup>
  <ItemGroup>
    <ResourceCompile Include="Game.rc" />
  </ItemGroup>
  <ItemGroup>
    <Image Include="MyChar.png" />
    <Image Include="MyChar.bmp" />
  </ItemGroup>
</Project>